// !$*UTF8*$!
{
	archiveVersion = 1;
	classes = {
	};
	objectVersion = 46;
	objects = {

/* Begin PBXBuildFile section */
		345F26A0E95D3381D0C73C32 /* Pods_Button.framework in Frameworks */ = {isa = PBXBuildFile; fileRef = 374526EF4830FBA2A08FE7C8 /* Pods_Button.framework */; };
		96B5AFFE1D9222D100449DDD /* AppDelegate.swift in Sources */ = {isa = PBXBuildFile; fileRef = 96B5AFFD1D9222D100449DDD /* AppDelegate.swift */; };
		96B5B0001D9222D200449DDD /* ViewController.swift in Sources */ = {isa = PBXBuildFile; fileRef = 96B5AFFF1D9222D200449DDD /* ViewController.swift */; };
		96B5B0051D9222D200449DDD /* Assets.xcassets in Resources */ = {isa = PBXBuildFile; fileRef = 96B5B0041D9222D200449DDD /* Assets.xcassets */; };
		96B5B0081D9222D200449DDD /* LaunchScreen.storyboard in Resources */ = {isa = PBXBuildFile; fileRef = 96B5B0061D9222D200449DDD /* LaunchScreen.storyboard */; };
/* End PBXBuildFile section */

/* Begin PBXCopyFilesBuildPhase section */
		96B5B0121D92245E00449DDD /* Embed Frameworks */ = {
			isa = PBXCopyFilesBuildPhase;
			buildActionMask = 2147483647;
			dstPath = "";
			dstSubfolderSpec = 10;
			files = (
			);
			name = "Embed Frameworks";
			runOnlyForDeploymentPostprocessing = 0;
		};
/* End PBXCopyFilesBuildPhase section */

/* Begin PBXFileReference section */
		374526EF4830FBA2A08FE7C8 /* Pods_Button.framework */ = {isa = PBXFileReference; explicitFileType = wrapper.framework; includeInIndex = 0; path = Pods_Button.framework; sourceTree = BUILT_PRODUCTS_DIR; };
		96B5AFFA1D9222D100449DDD /* Button.app */ = {isa = PBXFileReference; explicitFileType = wrapper.application; includeInIndex = 0; path = Button.app; sourceTree = BUILT_PRODUCTS_DIR; };
		96B5AFFD1D9222D100449DDD /* AppDelegate.swift */ = {isa = PBXFileReference; lastKnownFileType = sourcecode.swift; path = AppDelegate.swift; sourceTree = "<group>"; };
		96B5AFFF1D9222D200449DDD /* ViewController.swift */ = {isa = PBXFileReference; lastKnownFileType = sourcecode.swift; path = ViewController.swift; sourceTree = "<group>"; };
		96B5B0041D9222D200449DDD /* Assets.xcassets */ = {isa = PBXFileReference; lastKnownFileType = folder.assetcatalog; path = Assets.xcassets; sourceTree = "<group>"; };
		96B5B0071D9222D200449DDD /* Base */ = {isa = PBXFileReference; lastKnownFileType = file.storyboard; name = Base; path = Base.lproj/LaunchScreen.storyboard; sourceTree = "<group>"; };
		96B5B0091D9222D200449DDD /* Info.plist */ = {isa = PBXFileReference; lastKnownFileType = text.plist.xml; path = Info.plist; sourceTree = "<group>"; };
		F04AF1E948187AFC611082B3 /* Pods-Button.debug.xcconfig */ = {isa = PBXFileReference; includeInIndex = 1; lastKnownFileType = text.xcconfig; name = "Pods-Button.debug.xcconfig"; path = "Pods/Target Support Files/Pods-Button/Pods-Button.debug.xcconfig"; sourceTree = "<group>"; };
		F97EB5BD7334A72846DAB684 /* Pods-Button.release.xcconfig */ = {isa = PBXFileReference; includeInIndex = 1; lastKnownFileType = text.xcconfig; name = "Pods-Button.release.xcconfig"; path = "Pods/Target Support Files/Pods-Button/Pods-Button.release.xcconfig"; sourceTree = "<group>"; };
/* End PBXFileReference section */

/* Begin PBXFrameworksBuildPhase section */
		96B5AFF71D9222D100449DDD /* Frameworks */ = {
			isa = PBXFrameworksBuildPhase;
			buildActionMask = 2147483647;
			files = (
				345F26A0E95D3381D0C73C32 /* Pods_Button.framework in Frameworks */,
			);
			runOnlyForDeploymentPostprocessing = 0;
		};
/* End PBXFrameworksBuildPhase section */

/* Begin PBXGroup section */
		4F35DA1C928B5DE218814516 /* Frameworks */ = {
			isa = PBXGroup;
			children = (
				374526EF4830FBA2A08FE7C8 /* Pods_Button.framework */,
			);
			name = Frameworks;
			sourceTree = "<group>";
		};
		96B5AFF11D9222D100449DDD = {
			isa = PBXGroup;
			children = (
				96B5AFFC1D9222D100449DDD /* Button */,
				96B5AFFB1D9222D100449DDD /* Products */,
				E9D73AA7C07BAAF5459EA52D /* Pods */,
				4F35DA1C928B5DE218814516 /* Frameworks */,
			);
			sourceTree = "<group>";
		};
		96B5AFFB1D9222D100449DDD /* Products */ = {
			isa = PBXGroup;
			children = (
				96B5AFFA1D9222D100449DDD /* Button.app */,
			);
			name = Products;
			sourceTree = "<group>";
		};
		96B5AFFC1D9222D100449DDD /* Button */ = {
			isa = PBXGroup;
			children = (
				96B5AFFD1D9222D100449DDD /* AppDelegate.swift */,
				96B5AFFF1D9222D200449DDD /* ViewController.swift */,
				96B5B0041D9222D200449DDD /* Assets.xcassets */,
				96B5B0061D9222D200449DDD /* LaunchScreen.storyboard */,
				96B5B0091D9222D200449DDD /* Info.plist */,
			);
			path = Button;
			sourceTree = "<group>";
		};
		E9D73AA7C07BAAF5459EA52D /* Pods */ = {
			isa = PBXGroup;
			children = (
				F04AF1E948187AFC611082B3 /* Pods-Button.debug.xcconfig */,
				F97EB5BD7334A72846DAB684 /* Pods-Button.release.xcconfig */,
			);
			name = Pods;
			sourceTree = "<group>";
		};
/* End PBXGroup section */

/* Begin PBXNativeTarget section */
		96B5AFF91D9222D100449DDD /* Button */ = {
			isa = PBXNativeTarget;
			buildConfigurationList = 96B5B00C1D9222D200449DDD /* Build configuration list for PBXNativeTarget "Button" */;
			buildPhases = (
				C625B9B98AEA5ECB304CA887 /* [CP] Check Pods Manifest.lock */,
				96B5AFF61D9222D100449DDD /* Sources */,
				96B5AFF71D9222D100449DDD /* Frameworks */,
				96B5AFF81D9222D100449DDD /* Resources */,
				96B5B0121D92245E00449DDD /* Embed Frameworks */,
				59C95DF81DAD6264B10B13DD /* [CP] Embed Pods Frameworks */,
				7C5BC79AD379B2541A5AD292 /* [CP] Copy Pods Resources */,
			);
			buildRules = (
			);
			dependencies = (
			);
			name = Button;
			productName = Button;
			productReference = 96B5AFFA1D9222D100449DDD /* Button.app */;
			productType = "com.apple.product-type.application";
		};
/* End PBXNativeTarget section */

/* Begin PBXProject section */
		96B5AFF21D9222D100449DDD /* Project object */ = {
			isa = PBXProject;
			attributes = {
				LastSwiftUpdateCheck = 0800;
				LastUpgradeCheck = 0810;
				ORGANIZATIONNAME = CosmicMind;
				TargetAttributes = {
					96B5AFF91D9222D100449DDD = {
						CreatedOnToolsVersion = 8.0;
						ProvisioningStyle = Automatic;
					};
				};
			};
			buildConfigurationList = 96B5AFF51D9222D100449DDD /* Build configuration list for PBXProject "Button" */;
			compatibilityVersion = "Xcode 3.2";
			developmentRegion = English;
			hasScannedForEncodings = 0;
			knownRegions = (
				en,
				Base,
			);
			mainGroup = 96B5AFF11D9222D100449DDD;
			productRefGroup = 96B5AFFB1D9222D100449DDD /* Products */;
			projectDirPath = "";
			projectRoot = "";
			targets = (
				96B5AFF91D9222D100449DDD /* Button */,
			);
		};
/* End PBXProject section */

/* Begin PBXResourcesBuildPhase section */
		96B5AFF81D9222D100449DDD /* Resources */ = {
			isa = PBXResourcesBuildPhase;
			buildActionMask = 2147483647;
			files = (
				96B5B0081D9222D200449DDD /* LaunchScreen.storyboard in Resources */,
				96B5B0051D9222D200449DDD /* Assets.xcassets in Resources */,
			);
			runOnlyForDeploymentPostprocessing = 0;
		};
/* End PBXResourcesBuildPhase section */

/* Begin PBXShellScriptBuildPhase section */
		59C95DF81DAD6264B10B13DD /* [CP] Embed Pods Frameworks */ = {
			isa = PBXShellScriptBuildPhase;
			buildActionMask = 2147483647;
			files = (
			);
			inputPaths = (
			);
			name = "[CP] Embed Pods Frameworks";
			outputPaths = (
			);
			runOnlyForDeploymentPostprocessing = 0;
			shellPath = /bin/sh;
			shellScript = "\"${SRCROOT}/Pods/Target Support Files/Pods-Button/Pods-Button-frameworks.sh\"\n";
			showEnvVarsInLog = 0;
		};
		7C5BC79AD379B2541A5AD292 /* [CP] Copy Pods Resources */ = {
			isa = PBXShellScriptBuildPhase;
			buildActionMask = 2147483647;
			files = (
			);
			inputPaths = (
			);
			name = "[CP] Copy Pods Resources";
			outputPaths = (
			);
			runOnlyForDeploymentPostprocessing = 0;
			shellPath = /bin/sh;
			shellScript = "\"${SRCROOT}/Pods/Target Support Files/Pods-Button/Pods-Button-resources.sh\"\n";
			showEnvVarsInLog = 0;
		};
		C625B9B98AEA5ECB304CA887 /* [CP] Check Pods Manifest.lock */ = {
			isa = PBXShellScriptBuildPhase;
			buildActionMask = 2147483647;
			files = (
			);
			inputPaths = (
			);
			name = "[CP] Check Pods Manifest.lock";
			outputPaths = (
			);
			runOnlyForDeploymentPostprocessing = 0;
			shellPath = /bin/sh;
			shellScript = "diff \"${PODS_ROOT}/../Podfile.lock\" \"${PODS_ROOT}/Manifest.lock\" > /dev/null\nif [ $? != 0 ] ; then\n    # print error to STDERR\n    echo \"error: The sandbox is not in sync with the Podfile.lock. Run 'pod install' or update your CocoaPods installation.\" >&2\n    exit 1\nfi\n";
			showEnvVarsInLog = 0;
		};
/* End PBXShellScriptBuildPhase section */

/* Begin PBXSourcesBuildPhase section */
		96B5AFF61D9222D100449DDD /* Sources */ = {
			isa = PBXSourcesBuildPhase;
			buildActionMask = 2147483647;
			files = (
				96B5B0001D9222D200449DDD /* ViewController.swift in Sources */,
				96B5AFFE1D9222D100449DDD /* AppDelegate.swift in Sources */,
			);
			runOnlyForDeploymentPostprocessing = 0;
		};
/* End PBXSourcesBuildPhase section */

/* Begin PBXVariantGroup section */
		96B5B0061D9222D200449DDD /* LaunchScreen.storyboard */ = {
			isa = PBXVariantGroup;
			children = (
				96B5B0071D9222D200449DDD /* Base */,
			);
			name = LaunchScreen.storyboard;
			sourceTree = "<group>";
		};
/* End PBXVariantGroup section */

/* Begin XCBuildConfiguration section */
		96B5B00A1D9222D200449DDD /* Debug */ = {
			isa = XCBuildConfiguration;
			buildSettings = {
				ALWAYS_SEARCH_USER_PATHS = NO;
				CLANG_ANALYZER_NONNULL = YES;
				CLANG_CXX_LANGUAGE_STANDARD = "gnu++0x";
				CLANG_CXX_LIBRARY = "libc++";
				CLANG_ENABLE_MODULES = YES;
				CLANG_ENABLE_OBJC_ARC = YES;
				CLANG_WARN_BOOL_CONVERSION = YES;
				CLANG_WARN_CONSTANT_CONVERSION = YES;
				CLANG_WARN_DIRECT_OBJC_ISA_USAGE = YES_ERROR;
				CLANG_WARN_DOCUMENTATION_COMMENTS = YES;
				CLANG_WARN_EMPTY_BODY = YES;
				CLANG_WARN_ENUM_CONVERSION = YES;
				CLANG_WARN_INFINITE_RECURSION = YES;
				CLANG_WARN_INT_CONVERSION = YES;
				CLANG_WARN_OBJC_ROOT_CLASS = YES_ERROR;
				CLANG_WARN_SUSPICIOUS_MOVE = YES;
				CLANG_WARN_SUSPICIOUS_MOVES = YES;
				CLANG_WARN_UNREACHABLE_CODE = YES;
				CLANG_WARN__DUPLICATE_METHOD_MATCH = YES;
				"CODE_SIGN_IDENTITY[sdk=iphoneos*]" = "iPhone Developer";
				COPY_PHASE_STRIP = NO;
				DEBUG_INFORMATION_FORMAT = dwarf;
				ENABLE_STRICT_OBJC_MSGSEND = YES;
				ENABLE_TESTABILITY = YES;
				GCC_C_LANGUAGE_STANDARD = gnu99;
				GCC_DYNAMIC_NO_PIC = NO;
				GCC_NO_COMMON_BLOCKS = YES;
				GCC_OPTIMIZATION_LEVEL = 0;
				GCC_PREPROCESSOR_DEFINITIONS = (
					"DEBUG=1",
					"$(inherited)",
				);
				GCC_WARN_64_TO_32_BIT_CONVERSION = YES;
				GCC_WARN_ABOUT_RETURN_TYPE = YES_ERROR;
				GCC_WARN_UNDECLARED_SELECTOR = YES;
				GCC_WARN_UNINITIALIZED_AUTOS = YES_AGGRESSIVE;
				GCC_WARN_UNUSED_FUNCTION = YES;
				GCC_WARN_UNUSED_VARIABLE = YES;
				IPHONEOS_DEPLOYMENT_TARGET = 10.0;
				MTL_ENABLE_DEBUG_INFO = YES;
				ONLY_ACTIVE_ARCH = YES;
				SDKROOT = iphoneos;
				SWIFT_ACTIVE_COMPILATION_CONDITIONS = DEBUG;
				SWIFT_OPTIMIZATION_LEVEL = "-Onone";
				TARGETED_DEVICE_FAMILY = "1,2";
			};
			name = Debug;
		};
		96B5B00B1D9222D200449DDD /* Release */ = {
			isa = XCBuildConfiguration;
			buildSettings = {
				ALWAYS_SEARCH_USER_PATHS = NO;
				CLANG_ANALYZER_NONNULL = YES;
				CLANG_CXX_LANGUAGE_STANDARD = "gnu++0x";
				CLANG_CXX_LIBRARY = "libc++";
				CLANG_ENABLE_MODULES = YES;
				CLANG_ENABLE_OBJC_ARC = YES;
				CLANG_WARN_BOOL_CONVERSION = YES;
				CLANG_WARN_CONSTANT_CONVERSION = YES;
				CLANG_WARN_DIRECT_OBJC_ISA_USAGE = YES_ERROR;
				CLANG_WARN_DOCUMENTATION_COMMENTS = YES;
				CLANG_WARN_EMPTY_BODY = YES;
				CLANG_WARN_ENUM_CONVERSION = YES;
				CLANG_WARN_INFINITE_RECURSION = YES;
				CLANG_WARN_INT_CONVERSION = YES;
				CLANG_WARN_OBJC_ROOT_CLASS = YES_ERROR;
				CLANG_WARN_SUSPICIOUS_MOVE = YES;
				CLANG_WARN_SUSPICIOUS_MOVES = YES;
				CLANG_WARN_UNREACHABLE_CODE = YES;
				CLANG_WARN__DUPLICATE_METHOD_MATCH = YES;
				"CODE_SIGN_IDENTITY[sdk=iphoneos*]" = "iPhone Developer";
				COPY_PHASE_STRIP = NO;
				DEBUG_INFORMATION_FORMAT = "dwarf-with-dsym";
				ENABLE_NS_ASSERTIONS = NO;
				ENABLE_STRICT_OBJC_MSGSEND = YES;
				GCC_C_LANGUAGE_STANDARD = gnu99;
				GCC_NO_COMMON_BLOCKS = YES;
				GCC_WARN_64_TO_32_BIT_CONVERSION = YES;
				GCC_WARN_ABOUT_RETURN_TYPE = YES_ERROR;
				GCC_WARN_UNDECLARED_SELECTOR = YES;
				GCC_WARN_UNINITIALIZED_AUTOS = YES_AGGRESSIVE;
				GCC_WARN_UNUSED_FUNCTION = YES;
				GCC_WARN_UNUSED_VARIABLE = YES;
				IPHONEOS_DEPLOYMENT_TARGET = 10.0;
				MTL_ENABLE_DEBUG_INFO = NO;
				SDKROOT = iphoneos;
				SWIFT_OPTIMIZATION_LEVEL = "-Owholemodule";
				TARGETED_DEVICE_FAMILY = "1,2";
				VALIDATE_PRODUCT = YES;
			};
			name = Release;
		};
		96B5B00D1D9222D200449DDD /* Debug */ = {
			isa = XCBuildConfiguration;
			baseConfigurationReference = F04AF1E948187AFC611082B3 /* Pods-Button.debug.xcconfig */;
			buildSettings = {
				ASSETCATALOG_COMPILER_APPICON_NAME = AppIcon;
				DEVELOPMENT_TEAM = "";
				INFOPLIST_FILE = Button/Info.plist;
				LD_RUNPATH_SEARCH_PATHS = "$(inherited) @executable_path/Frameworks";
				PRODUCT_BUNDLE_IDENTIFIER = io.cosmicmind.Button;
				PRODUCT_NAME = "$(TARGET_NAME)";
				SWIFT_VERSION = 3.0;
			};
			name = Debug;
		};
		96B5B00E1D9222D200449DDD /* Release */ = {
			isa = XCBuildConfiguration;
			baseConfigurationReference = F97EB5BD7334A72846DAB684 /* Pods-Button.release.xcconfig */;
			buildSettings = {
				ASSETCATALOG_COMPILER_APPICON_NAME = AppIcon;
				DEVELOPMENT_TEAM = "";
				INFOPLIST_FILE = Button/Info.plist;
				LD_RUNPATH_SEARCH_PATHS = "$(inherited) @executable_path/Frameworks";
				PRODUCT_BUNDLE_IDENTIFIER = io.cosmicmind.Button;
				PRODUCT_NAME = "$(TARGET_NAME)";
				SWIFT_VERSION = 3.0;
			};
			name = Release;
		};
/* End XCBuildConfiguration section */

/* Begin XCConfigurationList section */
		96B5AFF51D9222D100449DDD /* Build configuration list for PBXProject "Button" */ = {
			isa = XCConfigurationList;
			buildConfigurations = (
				96B5B00A1D9222D200449DDD /* Debug */,
				96B5B00B1D9222D200449DDD /* Release */,
			);
			defaultConfigurationIsVisible = 0;
			defaultConfigurationName = Release;
		};
		96B5B00C1D9222D200449DDD /* Build configuration list for PBXNativeTarget "Button" */ = {
			isa = XCConfigurationList;
			buildConfigurations = (
				96B5B00D1D9222D200449DDD /* Debug */,
				96B5B00E1D9222D200449DDD /* Release */,
			);
			defaultConfigurationIsVisible = 0;
			defaultConfigurationName = Release;
		};
/* End XCConfigurationList section */
	};
	rootObject = 96B5AFF21D9222D100449DDD /* Project object */;
}
